
Microsoft Visual Studio Solution File, Format Version 12.00
# Visual Studio 2012
Project("{FAE04EC0-301F-11D3-BF4B-00C04F79EFBC}") = "Mailbox", "Mailbox\Mailbox.csproj", "{356DC788-A645-4B78-9696-7A03048A6483}"
EndProject
Global
	GlobalSection(SolutionConfigurationPlatforms) = preSolution
		Debug|iPhoneSimulator = Debug|iPhoneSimulator
		Release|iPhone = Release|iPhone
		Release|iPhoneSimulator = Release|iPhoneSimulator
		Debug|iPhone = Debug|iPhone
		Debug|Any CPU = Debug|Any CPU
		Release|Any CPU = Release|Any CPU
	EndGlobalSection
	GlobalSection(ProjectConfigurationPlatforms) = postSolution
		{356DC788-A645-4B78-9696-7A03048A6483}.Debug|Any CPU.ActiveCfg = Debug|iPhoneSimulator
		{356DC788-A645-4B78-9696-7A03048A6483}.Debug|Any CPU.Build.0 = Debug|iPhoneSimulator
		{356DC788-A645-4B78-9696-7A03048A6483}.Debug|iPhone.ActiveCfg = Debug|iPhone
		{356DC788-A645-4B78-9696-7A03048A6483}.Debug|iPhone.Build.0 = Debug|iPhone
		{356DC788-A645-4B78-9696-7A03048A6483}.Debug|iPhoneSimulator.ActiveCfg = Debug|iPhoneSimulator
		{356DC788-A645-4B78-9696-7A03048A6483}.Debug|iPhoneSimulator.Build.0 = Debug|iPhoneSimulator
		{356DC788-A645-4B78-9696-7A03048A6483}.Release|Any CPU.ActiveCfg = Release|iPhone
		{356DC788-A645-4B78-9696-7A03048A6483}.Release|Any CPU.Build.0 = Release|iPhone
		{356DC788-A645-4B78-9696-7A03048A6483}.Release|iPhone.ActiveCfg = Release|iPhone
		{356DC788-A645-4B78-9696-7A03048A6483}.Release|iPhone.Build.0 = Release|iPhone
		{356DC788-A645-4B78-9696-7A03048A6483}.Release|iPhoneSimulator.ActiveCfg = Release|iPhoneSimulator
		{356DC788-A645-4B78-9696-7A03048A6483}.Release|iPhoneSimulator.Build.0 = Release|iPhoneSimulator
	EndGlobalSection
EndGlobal
